
Microsoft Visual Studio Solution File, Format Version 12.00
# Visual Studio Version 16
VisualStudioVersion = 16.0.31424.327
MinimumVisualStudioVersion = 10.0.40219.1
Project("{FAE04EC0-301F-11D3-BF4B-00C04F79EFBC}") = "Parcial2", "Parcial2\Parcial2.csproj", "{C232C35A-8D84-4996-8FC2-527D4D574EED}"
EndProject
Global
	GlobalSection(SolutionConfigurationPlatforms) = preSolution
		Debug|Any CPU = Debug|Any CPU
		Release|Any CPU = Release|Any CPU
	EndGlobalSection
	GlobalSection(ProjectConfigurationPlatforms) = postSolution
		{C232C35A-8D84-4996-8FC2-527D4D574EED}.Debug|Any CPU.ActiveCfg = Debug|Any CPU
		{C232C35A-8D84-4996-8FC2-527D4D574EED}.Debug|Any CPU.Build.0 = Debug|Any CPU
		{C232C35A-8D84-4996-8FC2-527D4D574EED}.Release|Any CPU.ActiveCfg = Release|Any CPU
		{C232C35A-8D84-4996-8FC2-527D4D574EED}.Release|Any CPU.Build.0 = Release|Any CPU
	EndGlobalSection
	GlobalSection(SolutionProperties) = preSolution
		HideSolutionNode = FALSE
	EndGlobalSection
	GlobalSection(ExtensibilityGlobals) = postSolution
		SolutionGuid = {FD54B7C5-5F8D-43F7-AB0E-DDF8D170ADA2}
	EndGlobalSection
EndGlobal
